Microsoft Visual Studio Solution File, Format Version 12.00
# Visual Studio Version 17
VisualStudioVersion = 17.5.2.0
MinimumVisualStudioVersion = 10.0.40219.1
Project("{FAE04EC0-301F-11D3-BF4B-00C04F79EFBC}") = "BettingApi", "BettingApi.csproj", "{BC94D5F7-E33C-CE30-7699-01B1AB8DEA80}"
EndProject
Global
	GlobalSection(SolutionConfigurationPlatforms) = preSolution
		Debug|Any CPU = Debug|Any CPU
		Release|Any CPU = Release|Any CPU
	EndGlobalSection
	GlobalSection(ProjectConfigurationPlatforms) = postSolution
		{BC94D5F7-E33C-CE30-7699-01B1AB8DEA80}.Debug|Any CPU.ActiveCfg = Debug|Any CPU
		{BC94D5F7-E33C-CE30-7699-01B1AB8DEA80}.Debug|Any CPU.Build.0 = Debug|Any CPU
		{BC94D5F7-E33C-CE30-7699-01B1AB8DEA80}.Release|Any CPU.ActiveCfg = Release|Any CPU
		{BC94D5F7-E33C-CE30-7699-01B1AB8DEA80}.Release|Any CPU.Build.0 = Release|Any CPU
	EndGlobalSection
	GlobalSection(SolutionProperties) = preSolution
		HideSolutionNode = FALSE
	EndGlobalSection
	GlobalSection(ExtensibilityGlobals) = postSolution
<<<<<<< HEAD
		SolutionGuid = {19A47F61-CF1E-443A-ACCC-15696B031217}
=======
		SolutionGuid = {3FBBC257-C2F7-46AD-87A2-BF74812857C1}
>>>>>>> 86859f60e0576bed6f6e8891d32ed8920cf20b3e
	EndGlobalSection
EndGlobal
