
Microsoft Visual Studio Solution File, Format Version 12.00
# Visual Studio Version 17
VisualStudioVersion = 17.0.31903.59
MinimumVisualStudioVersion = 10.0.40219.1
Project("{FAE04EC0-301F-11D3-BF4B-00C04F79EFBC}") = "BettingApi", "BettingApi\BettingApi.csproj", "{8AF54D18-CC94-4B21-BB7D-8026FE7F2DCB}"
EndProject
Project("{FAE04EC0-301F-11D3-BF4B-00C04F79EFBC}") = "BettingApi.Test", "BettingApi.Test\BettingApi.Test.csproj", "{C4B97A32-9ED4-42E2-A4E4-681EFE6F4717}"
EndProject
Global
	GlobalSection(SolutionConfigurationPlatforms) = preSolution
		Debug|Any CPU = Debug|Any CPU
		Debug|x64 = Debug|x64
		Debug|x86 = Debug|x86
		Release|Any CPU = Release|Any CPU
		Release|x64 = Release|x64
		Release|x86 = Release|x86
	EndGlobalSection
	GlobalSection(ProjectConfigurationPlatforms) = postSolution
		{8AF54D18-CC94-4B21-BB7D-8026FE7F2DCB}.Debug|Any CPU.ActiveCfg = Debug|Any CPU
		{8AF54D18-CC94-4B21-BB7D-8026FE7F2DCB}.Debug|Any CPU.Build.0 = Debug|Any CPU
		{8AF54D18-CC94-4B21-BB7D-8026FE7F2DCB}.Debug|x64.ActiveCfg = Debug|Any CPU
		{8AF54D18-CC94-4B21-BB7D-8026FE7F2DCB}.Debug|x64.Build.0 = Debug|Any CPU
		{8AF54D18-CC94-4B21-BB7D-8026FE7F2DCB}.Debug|x86.ActiveCfg = Debug|Any CPU
		{8AF54D18-CC94-4B21-BB7D-8026FE7F2DCB}.Debug|x86.Build.0 = Debug|Any CPU
		{8AF54D18-CC94-4B21-BB7D-8026FE7F2DCB}.Release|Any CPU.ActiveCfg = Release|Any CPU
		{8AF54D18-CC94-4B21-BB7D-8026FE7F2DCB}.Release|Any CPU.Build.0 = Release|Any CPU
		{8AF54D18-CC94-4B21-BB7D-8026FE7F2DCB}.Release|x64.ActiveCfg = Release|Any CPU
		{8AF54D18-CC94-4B21-BB7D-8026FE7F2DCB}.Release|x64.Build.0 = Release|Any CPU
		{8AF54D18-CC94-4B21-BB7D-8026FE7F2DCB}.Release|x86.ActiveCfg = Release|Any CPU
		{8AF54D18-CC94-4B21-BB7D-8026FE7F2DCB}.Release|x86.Build.0 = Release|Any CPU
		{C4B97A32-9ED4-42E2-A4E4-681EFE6F4717}.Debug|Any CPU.ActiveCfg = Debug|Any CPU
		{C4B97A32-9ED4-42E2-A4E4-681EFE6F4717}.Debug|Any CPU.Build.0 = Debug|Any CPU
		{C4B97A32-9ED4-42E2-A4E4-681EFE6F4717}.Debug|x64.ActiveCfg = Debug|Any CPU
		{C4B97A32-9ED4-42E2-A4E4-681EFE6F4717}.Debug|x64.Build.0 = Debug|Any CPU
		{C4B97A32-9ED4-42E2-A4E4-681EFE6F4717}.Debug|x86.ActiveCfg = Debug|Any CPU
		{C4B97A32-9ED4-42E2-A4E4-681EFE6F4717}.Debug|x86.Build.0 = Debug|Any CPU
		{C4B97A32-9ED4-42E2-A4E4-681EFE6F4717}.Release|Any CPU.ActiveCfg = Release|Any CPU
		{C4B97A32-9ED4-42E2-A4E4-681EFE6F4717}.Release|Any CPU.Build.0 = Release|Any CPU
		{C4B97A32-9ED4-42E2-A4E4-681EFE6F4717}.Release|x64.ActiveCfg = Release|Any CPU
		{C4B97A32-9ED4-42E2-A4E4-681EFE6F4717}.Release|x64.Build.0 = Release|Any CPU
		{C4B97A32-9ED4-42E2-A4E4-681EFE6F4717}.Release|x86.ActiveCfg = Release|Any CPU
		{C4B97A32-9ED4-42E2-A4E4-681EFE6F4717}.Release|x86.Build.0 = Release|Any CPU
	EndGlobalSection
	GlobalSection(SolutionProperties) = preSolution
		HideSolutionNode = FALSE
	EndGlobalSection
EndGlobal
